
Microsoft Visual Studio Solution File, Format Version 12.00
# Visual Studio Version 17
VisualStudioVersion = 17.4.33213.308
MinimumVisualStudioVersion = 10.0.40219.1
Project("{2150E333-8FDC-42A3-9474-1A3956D46DE8}") = "Disbursements", "Disbursements", "{FB16F80D-B288-420C-A41B-562EB6945469}"
EndProject
Project("{2150E333-8FDC-42A3-9474-1A3956D46DE8}") = "Core", "Core", "{9869B410-6F41-4372-A476-DB39D4D860D9}"
EndProject
Project("{2150E333-8FDC-42A3-9474-1A3956D46DE8}") = "Bookkeeping", "Bookkeeping", "{CF0FBFFC-BEF5-447E-94AE-F19975A845A7}"
EndProject
Project("{9A19103F-16F7-4668-BE54-9A1E7A4F7556}") = "Bookkeeping.Library", "Bookkeeping\Bookkeeping.Library\Bookkeeping.Library.csproj", "{0B5463BF-0391-4FA1-8759-B24DA6861E92}"
EndProject
Project("{9A19103F-16F7-4668-BE54-9A1E7A4F7556}") = "Core.Library", "Core\Core.Library\Core.Library.csproj", "{76C4EB3A-6A4C-4D32-8C9E-DD3F8508BB9C}"
EndProject
Project("{9A19103F-16F7-4668-BE54-9A1E7A4F7556}") = "Disbursements.Library", "Disbursements\Disbursements.Library\Disbursements.Library.csproj", "{031DCE77-3499-4E55-8FC4-D577447F124E}"
EndProject
Project("{9A19103F-16F7-4668-BE54-9A1E7A4F7556}") = "Disbursements.Api", "Disbursements\Disbursements.Api\Disbursements.Api.csproj", "{5F4DA968-3182-4F38-9CA7-C40DFD65A8EF}"
EndProject
Project("{2150E333-8FDC-42A3-9474-1A3956D46DE8}") = "PF", "PF", "{54645E07-D2BC-4954-92BE-D9597B739D7C}"
EndProject
Project("{9A19103F-16F7-4668-BE54-9A1E7A4F7556}") = "PF.Library", "PF\PF.Library\PF.Library.csproj", "{38C48C9A-879B-403F-917B-3BAEA72F7C01}"
EndProject
Project("{9A19103F-16F7-4668-BE54-9A1E7A4F7556}") = "PF.Api", "PF\PF.Api\PF.Api.csproj", "{14378638-7593-40CD-8744-F28079E067FF}"
EndProject
Project("{9A19103F-16F7-4668-BE54-9A1E7A4F7556}") = "Bookkeeping.Api", "Bookkeeping\Bookkeeping.Api\Bookkeeping.Api.csproj", "{744D5832-916C-442B-96D2-BD1D94821589}"
EndProject
Global
	GlobalSection(SolutionConfigurationPlatforms) = preSolution
		Debug x86|Any CPU = Debug x86|Any CPU
		Debug x86|x86 = Debug x86|x86
		Debug|Any CPU = Debug|Any CPU
		Debug|x86 = Debug|x86
		Release|Any CPU = Release|Any CPU
		Release|x86 = Release|x86
	EndGlobalSection
	GlobalSection(ProjectConfigurationPlatforms) = postSolution
		{0B5463BF-0391-4FA1-8759-B24DA6861E92}.Debug x86|Any CPU.ActiveCfg = Debug|Any CPU
		{0B5463BF-0391-4FA1-8759-B24DA6861E92}.Debug x86|Any CPU.Build.0 = Debug|Any CPU
		{0B5463BF-0391-4FA1-8759-B24DA6861E92}.Debug x86|x86.ActiveCfg = Debug|Any CPU
		{0B5463BF-0391-4FA1-8759-B24DA6861E92}.Debug x86|x86.Build.0 = Debug|Any CPU
		{0B5463BF-0391-4FA1-8759-B24DA6861E92}.Debug|Any CPU.ActiveCfg = Debug|x86
		{0B5463BF-0391-4FA1-8759-B24DA6861E92}.Debug|Any CPU.Build.0 = Debug|x86
		{0B5463BF-0391-4FA1-8759-B24DA6861E92}.Debug|x86.ActiveCfg = Debug|x86
		{0B5463BF-0391-4FA1-8759-B24DA6861E92}.Debug|x86.Build.0 = Debug|x86
		{0B5463BF-0391-4FA1-8759-B24DA6861E92}.Release|Any CPU.ActiveCfg = Release|Any CPU
		{0B5463BF-0391-4FA1-8759-B24DA6861E92}.Release|Any CPU.Build.0 = Release|Any CPU
		{0B5463BF-0391-4FA1-8759-B24DA6861E92}.Release|x86.ActiveCfg = Release|Any CPU
		{0B5463BF-0391-4FA1-8759-B24DA6861E92}.Release|x86.Build.0 = Release|Any CPU
		{76C4EB3A-6A4C-4D32-8C9E-DD3F8508BB9C}.Debug x86|Any CPU.ActiveCfg = Debug|Any CPU
		{76C4EB3A-6A4C-4D32-8C9E-DD3F8508BB9C}.Debug x86|Any CPU.Build.0 = Debug|Any CPU
		{76C4EB3A-6A4C-4D32-8C9E-DD3F8508BB9C}.Debug x86|x86.ActiveCfg = Debug|Any CPU
		{76C4EB3A-6A4C-4D32-8C9E-DD3F8508BB9C}.Debug x86|x86.Build.0 = Debug|Any CPU
		{76C4EB3A-6A4C-4D32-8C9E-DD3F8508BB9C}.Debug|Any CPU.ActiveCfg = Debug|Any CPU
		{76C4EB3A-6A4C-4D32-8C9E-DD3F8508BB9C}.Debug|Any CPU.Build.0 = Debug|Any CPU
		{76C4EB3A-6A4C-4D32-8C9E-DD3F8508BB9C}.Debug|x86.ActiveCfg = Debug|x86
		{76C4EB3A-6A4C-4D32-8C9E-DD3F8508BB9C}.Debug|x86.Build.0 = Debug|x86
		{76C4EB3A-6A4C-4D32-8C9E-DD3F8508BB9C}.Release|Any CPU.ActiveCfg = Release|Any CPU
		{76C4EB3A-6A4C-4D32-8C9E-DD3F8508BB9C}.Release|Any CPU.Build.0 = Release|Any CPU
		{76C4EB3A-6A4C-4D32-8C9E-DD3F8508BB9C}.Release|x86.ActiveCfg = Release|Any CPU
		{76C4EB3A-6A4C-4D32-8C9E-DD3F8508BB9C}.Release|x86.Build.0 = Release|Any CPU
		{031DCE77-3499-4E55-8FC4-D577447F124E}.Debug x86|Any CPU.ActiveCfg = Debug|Any CPU
		{031DCE77-3499-4E55-8FC4-D577447F124E}.Debug x86|Any CPU.Build.0 = Debug|Any CPU
		{031DCE77-3499-4E55-8FC4-D577447F124E}.Debug x86|x86.ActiveCfg = Debug|Any CPU
		{031DCE77-3499-4E55-8FC4-D577447F124E}.Debug x86|x86.Build.0 = Debug|Any CPU
		{031DCE77-3499-4E55-8FC4-D577447F124E}.Debug|Any CPU.ActiveCfg = Debug|Any CPU
		{031DCE77-3499-4E55-8FC4-D577447F124E}.Debug|Any CPU.Build.0 = Debug|Any CPU
		{031DCE77-3499-4E55-8FC4-D577447F124E}.Debug|x86.ActiveCfg = Debug|x86
		{031DCE77-3499-4E55-8FC4-D577447F124E}.Debug|x86.Build.0 = Debug|x86
		{031DCE77-3499-4E55-8FC4-D577447F124E}.Release|Any CPU.ActiveCfg = Release|Any CPU
		{031DCE77-3499-4E55-8FC4-D577447F124E}.Release|Any CPU.Build.0 = Release|Any CPU
		{031DCE77-3499-4E55-8FC4-D577447F124E}.Release|x86.ActiveCfg = Release|x86
		{031DCE77-3499-4E55-8FC4-D577447F124E}.Release|x86.Build.0 = Release|x86
		{5F4DA968-3182-4F38-9CA7-C40DFD65A8EF}.Debug x86|Any CPU.ActiveCfg = Debug|Any CPU
		{5F4DA968-3182-4F38-9CA7-C40DFD65A8EF}.Debug x86|Any CPU.Build.0 = Debug|Any CPU
		{5F4DA968-3182-4F38-9CA7-C40DFD65A8EF}.Debug x86|x86.ActiveCfg = Debug|x86
		{5F4DA968-3182-4F38-9CA7-C40DFD65A8EF}.Debug x86|x86.Build.0 = Debug|x86
		{5F4DA968-3182-4F38-9CA7-C40DFD65A8EF}.Debug|Any CPU.ActiveCfg = Debug|Any CPU
		{5F4DA968-3182-4F38-9CA7-C40DFD65A8EF}.Debug|Any CPU.Build.0 = Debug|Any CPU
		{5F4DA968-3182-4F38-9CA7-C40DFD65A8EF}.Debug|x86.ActiveCfg = Debug|x86
		{5F4DA968-3182-4F38-9CA7-C40DFD65A8EF}.Debug|x86.Build.0 = Debug|x86
		{5F4DA968-3182-4F38-9CA7-C40DFD65A8EF}.Release|Any CPU.ActiveCfg = Release|Any CPU
		{5F4DA968-3182-4F38-9CA7-C40DFD65A8EF}.Release|Any CPU.Build.0 = Release|Any CPU
		{5F4DA968-3182-4F38-9CA7-C40DFD65A8EF}.Release|x86.ActiveCfg = Release|x86
		{5F4DA968-3182-4F38-9CA7-C40DFD65A8EF}.Release|x86.Build.0 = Release|x86
		{38C48C9A-879B-403F-917B-3BAEA72F7C01}.Debug x86|Any CPU.ActiveCfg = Debug|Any CPU
		{38C48C9A-879B-403F-917B-3BAEA72F7C01}.Debug x86|Any CPU.Build.0 = Debug|Any CPU
		{38C48C9A-879B-403F-917B-3BAEA72F7C01}.Debug x86|x86.ActiveCfg = Debug|x86
		{38C48C9A-879B-403F-917B-3BAEA72F7C01}.Debug x86|x86.Build.0 = Debug|x86
		{38C48C9A-879B-403F-917B-3BAEA72F7C01}.Debug|Any CPU.ActiveCfg = Debug|Any CPU
		{38C48C9A-879B-403F-917B-3BAEA72F7C01}.Debug|Any CPU.Build.0 = Debug|Any CPU
		{38C48C9A-879B-403F-917B-3BAEA72F7C01}.Debug|x86.ActiveCfg = Debug|x86
		{38C48C9A-879B-403F-917B-3BAEA72F7C01}.Debug|x86.Build.0 = Debug|x86
		{38C48C9A-879B-403F-917B-3BAEA72F7C01}.Release|Any CPU.ActiveCfg = Release|Any CPU
		{38C48C9A-879B-403F-917B-3BAEA72F7C01}.Release|Any CPU.Build.0 = Release|Any CPU
		{38C48C9A-879B-403F-917B-3BAEA72F7C01}.Release|x86.ActiveCfg = Release|x86
		{38C48C9A-879B-403F-917B-3BAEA72F7C01}.Release|x86.Build.0 = Release|x86
		{14378638-7593-40CD-8744-F28079E067FF}.Debug x86|Any CPU.ActiveCfg = Debug|Any CPU
		{14378638-7593-40CD-8744-F28079E067FF}.Debug x86|Any CPU.Build.0 = Debug|Any CPU
		{14378638-7593-40CD-8744-F28079E067FF}.Debug x86|x86.ActiveCfg = Debug|x86
		{14378638-7593-40CD-8744-F28079E067FF}.Debug x86|x86.Build.0 = Debug|x86
		{14378638-7593-40CD-8744-F28079E067FF}.Debug|Any CPU.ActiveCfg = Debug|Any CPU
		{14378638-7593-40CD-8744-F28079E067FF}.Debug|Any CPU.Build.0 = Debug|Any CPU
		{14378638-7593-40CD-8744-F28079E067FF}.Debug|x86.ActiveCfg = Debug|x86
		{14378638-7593-40CD-8744-F28079E067FF}.Debug|x86.Build.0 = Debug|x86
		{14378638-7593-40CD-8744-F28079E067FF}.Release|Any CPU.ActiveCfg = Release|Any CPU
		{14378638-7593-40CD-8744-F28079E067FF}.Release|Any CPU.Build.0 = Release|Any CPU
		{14378638-7593-40CD-8744-F28079E067FF}.Release|x86.ActiveCfg = Release|x86
		{14378638-7593-40CD-8744-F28079E067FF}.Release|x86.Build.0 = Release|x86
		{744D5832-916C-442B-96D2-BD1D94821589}.Debug x86|Any CPU.ActiveCfg = Debug|Any CPU
		{744D5832-916C-442B-96D2-BD1D94821589}.Debug x86|Any CPU.Build.0 = Debug|Any CPU
		{744D5832-916C-442B-96D2-BD1D94821589}.Debug x86|x86.ActiveCfg = Debug|Any CPU
		{744D5832-916C-442B-96D2-BD1D94821589}.Debug x86|x86.Build.0 = Debug|Any CPU
		{744D5832-916C-442B-96D2-BD1D94821589}.Debug|Any CPU.ActiveCfg = Debug|Any CPU
		{744D5832-916C-442B-96D2-BD1D94821589}.Debug|Any CPU.Build.0 = Debug|Any CPU
		{744D5832-916C-442B-96D2-BD1D94821589}.Debug|x86.ActiveCfg = Debug|x86
		{744D5832-916C-442B-96D2-BD1D94821589}.Debug|x86.Build.0 = Debug|x86
		{744D5832-916C-442B-96D2-BD1D94821589}.Release|Any CPU.ActiveCfg = Release|Any CPU
		{744D5832-916C-442B-96D2-BD1D94821589}.Release|Any CPU.Build.0 = Release|Any CPU
		{744D5832-916C-442B-96D2-BD1D94821589}.Release|x86.ActiveCfg = Release|Any CPU
		{744D5832-916C-442B-96D2-BD1D94821589}.Release|x86.Build.0 = Release|Any CPU
	EndGlobalSection
	GlobalSection(SolutionProperties) = preSolution
		HideSolutionNode = FALSE
	EndGlobalSection
	GlobalSection(NestedProjects) = preSolution
		{0B5463BF-0391-4FA1-8759-B24DA6861E92} = {CF0FBFFC-BEF5-447E-94AE-F19975A845A7}
		{76C4EB3A-6A4C-4D32-8C9E-DD3F8508BB9C} = {9869B410-6F41-4372-A476-DB39D4D860D9}
		{031DCE77-3499-4E55-8FC4-D577447F124E} = {FB16F80D-B288-420C-A41B-562EB6945469}
		{5F4DA968-3182-4F38-9CA7-C40DFD65A8EF} = {FB16F80D-B288-420C-A41B-562EB6945469}
		{38C48C9A-879B-403F-917B-3BAEA72F7C01} = {54645E07-D2BC-4954-92BE-D9597B739D7C}
		{14378638-7593-40CD-8744-F28079E067FF} = {54645E07-D2BC-4954-92BE-D9597B739D7C}
		{744D5832-916C-442B-96D2-BD1D94821589} = {CF0FBFFC-BEF5-447E-94AE-F19975A845A7}
	EndGlobalSection
	GlobalSection(ExtensibilityGlobals) = postSolution
		SolutionGuid = {21A074C2-2DE9-4D6D-A187-5565B3340894}
	EndGlobalSection
EndGlobal
